
Microsoft Visual Studio Solution File, Format Version 12.00
Project("{FAE04EC0-301F-11D3-BF4B-00C04F79EFBC}") = "CreateMesurement", "CreateMesurement\CreateMesurement.csproj", "{DE48929F-32E1-48AB-AA43-4397BF17DF3B}"
EndProject
Global
	GlobalSection(SolutionConfigurationPlatforms) = preSolution
		Debug|Any CPU = Debug|Any CPU
		Release|Any CPU = Release|Any CPU
	EndGlobalSection
	GlobalSection(ProjectConfigurationPlatforms) = postSolution
		{DE48929F-32E1-48AB-AA43-4397BF17DF3B}.Debug|Any CPU.ActiveCfg = Debug|Any CPU
		{DE48929F-32E1-48AB-AA43-4397BF17DF3B}.Debug|Any CPU.Build.0 = Debug|Any CPU
		{DE48929F-32E1-48AB-AA43-4397BF17DF3B}.Release|Any CPU.ActiveCfg = Release|Any CPU
		{DE48929F-32E1-48AB-AA43-4397BF17DF3B}.Release|Any CPU.Build.0 = Release|Any CPU
	EndGlobalSection
EndGlobal
